
Microsoft Visual Studio Solution File, Format Version 12.00
# Visual Studio Version 17
VisualStudioVersion = 17.8.34309.116
MinimumVisualStudioVersion = 10.0.40219.1
Project("{FAE04EC0-301F-11D3-BF4B-00C04F79EFBC}") = "MyCalculator", "MyCalculator\MyCalculator.csproj", "{E4344AC2-EAB0-4996-9B80-7DE4A00F31E6}"
EndProject
Global
	GlobalSection(SolutionConfigurationPlatforms) = preSolution
		Debug|Any CPU = Debug|Any CPU
		Release|Any CPU = Release|Any CPU
	EndGlobalSection
	GlobalSection(ProjectConfigurationPlatforms) = postSolution
		{E4344AC2-EAB0-4996-9B80-7DE4A00F31E6}.Debug|Any CPU.ActiveCfg = Debug|Any CPU
		{E4344AC2-EAB0-4996-9B80-7DE4A00F31E6}.Debug|Any CPU.Build.0 = Debug|Any CPU
		{E4344AC2-EAB0-4996-9B80-7DE4A00F31E6}.Release|Any CPU.ActiveCfg = Release|Any CPU
		{E4344AC2-EAB0-4996-9B80-7DE4A00F31E6}.Release|Any CPU.Build.0 = Release|Any CPU
	EndGlobalSection
	GlobalSection(SolutionProperties) = preSolution
		HideSolutionNode = FALSE
	EndGlobalSection
	GlobalSection(ExtensibilityGlobals) = postSolution
		SolutionGuid = {5D306786-0401-4E6D-8409-91C4E01D9CB8}
	EndGlobalSection
EndGlobal
